// !$*UTF8*$!
{
	archiveVersion = 1;
	classes = {
	};
	objectVersion = 55;
	objects = {

/* Begin PBXBuildFile section */
		1E74F8D128959F85000B2D81 /* CustomScrollView.swift in Sources */ = {isa = PBXBuildFile; fileRef = 1E74F8D028959F85000B2D81 /* CustomScrollView.swift */; };
		1E90CA002894492700AC932D /* HC1.swift in Sources */ = {isa = PBXBuildFile; fileRef = 1E90C9FF2894492700AC932D /* HC1.swift */; };
		1E90CA0228945C2E00AC932D /* HC9.swift in Sources */ = {isa = PBXBuildFile; fileRef = 1E90CA0128945C2E00AC932D /* HC9.swift */; };
		1E90CA072894F42200AC932D /* Roboto-Regular.ttf in Resources */ = {isa = PBXBuildFile; fileRef = 1E90CA052894F42200AC932D /* Roboto-Regular.ttf */; };
		1E90CA082894F42200AC932D /* Roboto-Medium.ttf in Resources */ = {isa = PBXBuildFile; fileRef = 1E90CA062894F42200AC932D /* Roboto-Medium.ttf */; };
		1E90CA0C2895178900AC932D /* UserDefaultsRepository.swift in Sources */ = {isa = PBXBuildFile; fileRef = 1E90CA0B2895178900AC932D /* UserDefaultsRepository.swift */; };
		1EE955AF28966E91009581A9 /* StringFormatter.swift in Sources */ = {isa = PBXBuildFile; fileRef = 1EE955AE28966E91009581A9 /* StringFormatter.swift */; };
		1EE955B128966EB1009581A9 /* ToastView.swift in Sources */ = {isa = PBXBuildFile; fileRef = 1EE955B028966EB1009581A9 /* ToastView.swift */; };
		1EF6868328940E2C00F6348C /* Fampay_AssignmentApp.swift in Sources */ = {isa = PBXBuildFile; fileRef = 1EF6868228940E2C00F6348C /* Fampay_AssignmentApp.swift */; };
		1EF6868528940E2C00F6348C /* ContentView.swift in Sources */ = {isa = PBXBuildFile; fileRef = 1EF6868428940E2C00F6348C /* ContentView.swift */; };
		1EF6868728940E2D00F6348C /* Assets.xcassets in Resources */ = {isa = PBXBuildFile; fileRef = 1EF6868628940E2D00F6348C /* Assets.xcassets */; };
		1EF6868A28940E2D00F6348C /* Preview Assets.xcassets in Resources */ = {isa = PBXBuildFile; fileRef = 1EF6868928940E2D00F6348C /* Preview Assets.xcassets */; };
		1EF6869528940EA900F6348C /* CardModel.swift in Sources */ = {isa = PBXBuildFile; fileRef = 1EF6869428940EA900F6348C /* CardModel.swift */; };
		1EF6869728940F5E00F6348C /* HttpClient.swift in Sources */ = {isa = PBXBuildFile; fileRef = 1EF6869628940F5E00F6348C /* HttpClient.swift */; };
		1EF6869928940F9D00F6348C /* Constants.swift in Sources */ = {isa = PBXBuildFile; fileRef = 1EF6869828940F9D00F6348C /* Constants.swift */; };
		1EF6869B2894100100F6348C /* CardViewModel.swift in Sources */ = {isa = PBXBuildFile; fileRef = 1EF6869A2894100100F6348C /* CardViewModel.swift */; };
		1EF6869D2894126800F6348C /* HC6.swift in Sources */ = {isa = PBXBuildFile; fileRef = 1EF6869C2894126800F6348C /* HC6.swift */; };
		1EF6869F2894189700F6348C /* Enums.swift in Sources */ = {isa = PBXBuildFile; fileRef = 1EF6869E2894189700F6348C /* Enums.swift */; };
		1EF686A128941B6B00F6348C /* Tools.swift in Sources */ = {isa = PBXBuildFile; fileRef = 1EF686A028941B6B00F6348C /* Tools.swift */; };
		1EF686A328942DCC00F6348C /* HC3.swift in Sources */ = {isa = PBXBuildFile; fileRef = 1EF686A228942DCC00F6348C /* HC3.swift */; };
		1EF686A528943A5B00F6348C /* HC5.swift in Sources */ = {isa = PBXBuildFile; fileRef = 1EF686A428943A5B00F6348C /* HC5.swift */; };
/* End PBXBuildFile section */

/* Begin PBXFileReference section */
		1E74F8D028959F85000B2D81 /* CustomScrollView.swift */ = {isa = PBXFileReference; lastKnownFileType = sourcecode.swift; path = CustomScrollView.swift; sourceTree = "<group>"; };
		1E90C9FF2894492700AC932D /* HC1.swift */ = {isa = PBXFileReference; lastKnownFileType = sourcecode.swift; path = HC1.swift; sourceTree = "<group>"; };
		1E90CA0128945C2E00AC932D /* HC9.swift */ = {isa = PBXFileReference; lastKnownFileType = sourcecode.swift; path = HC9.swift; sourceTree = "<group>"; };
		1E90CA052894F42200AC932D /* Roboto-Regular.ttf */ = {isa = PBXFileReference; lastKnownFileType = file; path = "Roboto-Regular.ttf"; sourceTree = "<group>"; };
		1E90CA062894F42200AC932D /* Roboto-Medium.ttf */ = {isa = PBXFileReference; lastKnownFileType = file; path = "Roboto-Medium.ttf"; sourceTree = "<group>"; };
		1E90CA092894F43D00AC932D /* Info.plist */ = {isa = PBXFileReference; lastKnownFileType = text.plist; path = Info.plist; sourceTree = "<group>"; };
		1E90CA0B2895178900AC932D /* UserDefaultsRepository.swift */ = {isa = PBXFileReference; lastKnownFileType = sourcecode.swift; path = UserDefaultsRepository.swift; sourceTree = "<group>"; };
		1EE955AE28966E91009581A9 /* StringFormatter.swift */ = {isa = PBXFileReference; lastKnownFileType = sourcecode.swift; path = StringFormatter.swift; sourceTree = "<group>"; };
		1EE955B028966EB1009581A9 /* ToastView.swift */ = {isa = PBXFileReference; lastKnownFileType = sourcecode.swift; path = ToastView.swift; sourceTree = "<group>"; };
		1EF6867F28940E2C00F6348C /* Fampay-Assignment.app */ = {isa = PBXFileReference; explicitFileType = wrapper.application; includeInIndex = 0; path = "Fampay-Assignment.app"; sourceTree = BUILT_PRODUCTS_DIR; };
		1EF6868228940E2C00F6348C /* Fampay_AssignmentApp.swift */ = {isa = PBXFileReference; lastKnownFileType = sourcecode.swift; path = Fampay_AssignmentApp.swift; sourceTree = "<group>"; };
		1EF6868428940E2C00F6348C /* ContentView.swift */ = {isa = PBXFileReference; lastKnownFileType = sourcecode.swift; path = ContentView.swift; sourceTree = "<group>"; };
		1EF6868628940E2D00F6348C /* Assets.xcassets */ = {isa = PBXFileReference; lastKnownFileType = folder.assetcatalog; path = Assets.xcassets; sourceTree = "<group>"; };
		1EF6868928940E2D00F6348C /* Preview Assets.xcassets */ = {isa = PBXFileReference; lastKnownFileType = folder.assetcatalog; path = "Preview Assets.xcassets"; sourceTree = "<group>"; };
		1EF6869428940EA900F6348C /* CardModel.swift */ = {isa = PBXFileReference; lastKnownFileType = sourcecode.swift; path = CardModel.swift; sourceTree = "<group>"; };
		1EF6869628940F5E00F6348C /* HttpClient.swift */ = {isa = PBXFileReference; lastKnownFileType = sourcecode.swift; path = HttpClient.swift; sourceTree = "<group>"; };
		1EF6869828940F9D00F6348C /* Constants.swift */ = {isa = PBXFileReference; lastKnownFileType = sourcecode.swift; path = Constants.swift; sourceTree = "<group>"; };
		1EF6869A2894100100F6348C /* CardViewModel.swift */ = {isa = PBXFileReference; lastKnownFileType = sourcecode.swift; path = CardViewModel.swift; sourceTree = "<group>"; };
		1EF6869C2894126800F6348C /* HC6.swift */ = {isa = PBXFileReference; lastKnownFileType = sourcecode.swift; path = HC6.swift; sourceTree = "<group>"; };
		1EF6869E2894189700F6348C /* Enums.swift */ = {isa = PBXFileReference; lastKnownFileType = sourcecode.swift; path = Enums.swift; sourceTree = "<group>"; };
		1EF686A028941B6B00F6348C /* Tools.swift */ = {isa = PBXFileReference; lastKnownFileType = sourcecode.swift; path = Tools.swift; sourceTree = "<group>"; };
		1EF686A228942DCC00F6348C /* HC3.swift */ = {isa = PBXFileReference; lastKnownFileType = sourcecode.swift; path = HC3.swift; sourceTree = "<group>"; };
		1EF686A428943A5B00F6348C /* HC5.swift */ = {isa = PBXFileReference; lastKnownFileType = sourcecode.swift; path = HC5.swift; sourceTree = "<group>"; };
/* End PBXFileReference section */

/* Begin PBXFrameworksBuildPhase section */
		1EF6867C28940E2C00F6348C /* Frameworks */ = {
			isa = PBXFrameworksBuildPhase;
			buildActionMask = 2147483647;
			files = (
			);
			runOnlyForDeploymentPostprocessing = 0;
		};
/* End PBXFrameworksBuildPhase section */

/* Begin PBXGroup section */
		1E90CA032894F2F500AC932D /* CardViews */ = {
			isa = PBXGroup;
			children = (
				1E90C9FF2894492700AC932D /* HC1.swift */,
				1EF686A228942DCC00F6348C /* HC3.swift */,
				1EF686A428943A5B00F6348C /* HC5.swift */,
				1EF6869C2894126800F6348C /* HC6.swift */,
				1E90CA0128945C2E00AC932D /* HC9.swift */,
			);
			path = CardViews;
			sourceTree = "<group>";
		};
		1E90CA042894F40200AC932D /* Fonts */ = {
			isa = PBXGroup;
			children = (
				1E90CA062894F42200AC932D /* Roboto-Medium.ttf */,
				1E90CA052894F42200AC932D /* Roboto-Regular.ttf */,
			);
			path = Fonts;
			sourceTree = "<group>";
		};
		1E90CA0A289514ED00AC932D /* UIUtilities */ = {
			isa = PBXGroup;
			children = (
				1EF686A028941B6B00F6348C /* Tools.swift */,
				1EF6869E2894189700F6348C /* Enums.swift */,
				1E90CA0B2895178900AC932D /* UserDefaultsRepository.swift */,
			);
			path = UIUtilities;
			sourceTree = "<group>";
		};
		1EE955AD28966E61009581A9 /* Components */ = {
			isa = PBXGroup;
			children = (
				1E74F8D028959F85000B2D81 /* CustomScrollView.swift */,
				1EE955AE28966E91009581A9 /* StringFormatter.swift */,
				1EE955B028966EB1009581A9 /* ToastView.swift */,
			);
			path = Components;
			sourceTree = "<group>";
		};
		1EF6867628940E2C00F6348C = {
			isa = PBXGroup;
			children = (
				1EF6868128940E2C00F6348C /* Fampay-Assignment */,
				1EF6868028940E2C00F6348C /* Products */,
			);
			sourceTree = "<group>";
		};
		1EF6868028940E2C00F6348C /* Products */ = {
			isa = PBXGroup;
			children = (
				1EF6867F28940E2C00F6348C /* Fampay-Assignment.app */,
			);
			name = Products;
			sourceTree = "<group>";
		};
		1EF6868128940E2C00F6348C /* Fampay-Assignment */ = {
			isa = PBXGroup;
			children = (
				1E90CA092894F43D00AC932D /* Info.plist */,
				1EF6868228940E2C00F6348C /* Fampay_AssignmentApp.swift */,
				1EF6869228940E7B00F6348C /* Model */,
				1EF6869128940E7500F6348C /* View */,
				1EF6869028940E6500F6348C /* ViewModel */,
				1EF6869328940E8200F6348C /* Utilities */,
				1EE955AD28966E61009581A9 /* Components */,
				1E90CA0A289514ED00AC932D /* UIUtilities */,
				1E90CA042894F40200AC932D /* Fonts */,
				1EF6868628940E2D00F6348C /* Assets.xcassets */,
				1EF6868828940E2D00F6348C /* Preview Content */,
			);
			path = "Fampay-Assignment";
			sourceTree = "<group>";
		};
		1EF6868828940E2D00F6348C /* Preview Content */ = {
			isa = PBXGroup;
			children = (
				1EF6868928940E2D00F6348C /* Preview Assets.xcassets */,
			);
			path = "Preview Content";
			sourceTree = "<group>";
		};
		1EF6869028940E6500F6348C /* ViewModel */ = {
			isa = PBXGroup;
			children = (
				1EF6869A2894100100F6348C /* CardViewModel.swift */,
			);
			path = ViewModel;
			sourceTree = "<group>";
		};
		1EF6869128940E7500F6348C /* View */ = {
			isa = PBXGroup;
			children = (
				1EF6868428940E2C00F6348C /* ContentView.swift */,
				1E90CA032894F2F500AC932D /* CardViews */,
			);
			path = View;
			sourceTree = "<group>";
		};
		1EF6869228940E7B00F6348C /* Model */ = {
			isa = PBXGroup;
			children = (
				1EF6869428940EA900F6348C /* CardModel.swift */,
			);
			path = Model;
			sourceTree = "<group>";
		};
		1EF6869328940E8200F6348C /* Utilities */ = {
			isa = PBXGroup;
			children = (
				1EF6869628940F5E00F6348C /* HttpClient.swift */,
				1EF6869828940F9D00F6348C /* Constants.swift */,
			);
			path = Utilities;
			sourceTree = "<group>";
		};
/* End PBXGroup section */

/* Begin PBXNativeTarget section */
		1EF6867E28940E2C00F6348C /* Fampay-Assignment */ = {
			isa = PBXNativeTarget;
			buildConfigurationList = 1EF6868D28940E2D00F6348C /* Build configuration list for PBXNativeTarget "Fampay-Assignment" */;
			buildPhases = (
				1EF6867B28940E2C00F6348C /* Sources */,
				1EF6867C28940E2C00F6348C /* Frameworks */,
				1EF6867D28940E2C00F6348C /* Resources */,
			);
			buildRules = (
			);
			dependencies = (
			);
			name = "Fampay-Assignment";
			productName = "Fampay-Assignment";
			productReference = 1EF6867F28940E2C00F6348C /* Fampay-Assignment.app */;
			productType = "com.apple.product-type.application";
		};
/* End PBXNativeTarget section */

/* Begin PBXProject section */
		1EF6867728940E2C00F6348C /* Project object */ = {
			isa = PBXProject;
			attributes = {
				BuildIndependentTargetsInParallel = 1;
				LastSwiftUpdateCheck = 1340;
				LastUpgradeCheck = 1340;
				TargetAttributes = {
					1EF6867E28940E2C00F6348C = {
						CreatedOnToolsVersion = 13.4.1;
					};
				};
			};
			buildConfigurationList = 1EF6867A28940E2C00F6348C /* Build configuration list for PBXProject "Fampay-Assignment" */;
			compatibilityVersion = "Xcode 13.0";
			developmentRegion = en;
			hasScannedForEncodings = 0;
			knownRegions = (
				en,
				Base,
			);
			mainGroup = 1EF6867628940E2C00F6348C;
			productRefGroup = 1EF6868028940E2C00F6348C /* Products */;
			projectDirPath = "";
			projectRoot = "";
			targets = (
				1EF6867E28940E2C00F6348C /* Fampay-Assignment */,
			);
		};
/* End PBXProject section */

/* Begin PBXResourcesBuildPhase section */
		1EF6867D28940E2C00F6348C /* Resources */ = {
			isa = PBXResourcesBuildPhase;
			buildActionMask = 2147483647;
			files = (
				1E90CA082894F42200AC932D /* Roboto-Medium.ttf in Resources */,
				1E90CA072894F42200AC932D /* Roboto-Regular.ttf in Resources */,
				1EF6868A28940E2D00F6348C /* Preview Assets.xcassets in Resources */,
				1EF6868728940E2D00F6348C /* Assets.xcassets in Resources */,
			);
			runOnlyForDeploymentPostprocessing = 0;
		};
/* End PBXResourcesBuildPhase section */

/* Begin PBXSourcesBuildPhase section */
		1EF6867B28940E2C00F6348C /* Sources */ = {
			isa = PBXSourcesBuildPhase;
			buildActionMask = 2147483647;
			files = (
				1EE955B128966EB1009581A9 /* ToastView.swift in Sources */,
				1EF6869928940F9D00F6348C /* Constants.swift in Sources */,
				1E90CA0228945C2E00AC932D /* HC9.swift in Sources */,
				1EF6869F2894189700F6348C /* Enums.swift in Sources */,
				1EF686A328942DCC00F6348C /* HC3.swift in Sources */,
				1E90CA0C2895178900AC932D /* UserDefaultsRepository.swift in Sources */,
				1EF6868528940E2C00F6348C /* ContentView.swift in Sources */,
				1E90CA002894492700AC932D /* HC1.swift in Sources */,
				1EF6869B2894100100F6348C /* CardViewModel.swift in Sources */,
				1E74F8D128959F85000B2D81 /* CustomScrollView.swift in Sources */,
				1EF6868328940E2C00F6348C /* Fampay_AssignmentApp.swift in Sources */,
				1EF6869D2894126800F6348C /* HC6.swift in Sources */,
				1EE955AF28966E91009581A9 /* StringFormatter.swift in Sources */,
				1EF686A128941B6B00F6348C /* Tools.swift in Sources */,
				1EF6869728940F5E00F6348C /* HttpClient.swift in Sources */,
				1EF686A528943A5B00F6348C /* HC5.swift in Sources */,
				1EF6869528940EA900F6348C /* CardModel.swift in Sources */,
			);
			runOnlyForDeploymentPostprocessing = 0;
		};
/* End PBXSourcesBuildPhase section */

/* Begin XCBuildConfiguration section */
		1EF6868B28940E2D00F6348C /* Debug */ = {
			isa = XCBuildConfiguration;
			buildSettings = {
				ALWAYS_SEARCH_USER_PATHS = NO;
				CLANG_ANALYZER_NONNULL = YES;
				CLANG_ANALYZER_NUMBER_OBJECT_CONVERSION = YES_AGGRESSIVE;
				CLANG_CXX_LANGUAGE_STANDARD = "gnu++17";
				CLANG_ENABLE_MODULES = YES;
				CLANG_ENABLE_OBJC_ARC = YES;
				CLANG_ENABLE_OBJC_WEAK = YES;
				CLANG_WARN_BLOCK_CAPTURE_AUTORELEASING = YES;
				CLANG_WARN_BOOL_CONVERSION = YES;
				CLANG_WARN_COMMA = YES;
				CLANG_WARN_CONSTANT_CONVERSION = YES;
				CLANG_WARN_DEPRECATED_OBJC_IMPLEMENTATIONS = YES;
				CLANG_WARN_DIRECT_OBJC_ISA_USAGE = YES_ERROR;
				CLANG_WARN_DOCUMENTATION_COMMENTS = YES;
				CLANG_WARN_EMPTY_BODY = YES;
				CLANG_WARN_ENUM_CONVERSION = YES;
				CLANG_WARN_INFINITE_RECURSION = YES;
				CLANG_WARN_INT_CONVERSION = YES;
				CLANG_WARN_NON_LITERAL_NULL_CONVERSION = YES;
				CLANG_WARN_OBJC_IMPLICIT_RETAIN_SELF = YES;
				CLANG_WARN_OBJC_LITERAL_CONVERSION = YES;
				CLANG_WARN_OBJC_ROOT_CLASS = YES_ERROR;
				CLANG_WARN_QUOTED_INCLUDE_IN_FRAMEWORK_HEADER = YES;
				CLANG_WARN_RANGE_LOOP_ANALYSIS = YES;
				CLANG_WARN_STRICT_PROTOTYPES = YES;
				CLANG_WARN_SUSPICIOUS_MOVE = YES;
				CLANG_WARN_UNGUARDED_AVAILABILITY = YES_AGGRESSIVE;
				CLANG_WARN_UNREACHABLE_CODE = YES;
				CLANG_WARN__DUPLICATE_METHOD_MATCH = YES;
				COPY_PHASE_STRIP = NO;
				DEBUG_INFORMATION_FORMAT = dwarf;
				ENABLE_STRICT_OBJC_MSGSEND = YES;
				ENABLE_TESTABILITY = YES;
				GCC_C_LANGUAGE_STANDARD = gnu11;
				GCC_DYNAMIC_NO_PIC = NO;
				GCC_NO_COMMON_BLOCKS = YES;
				GCC_OPTIMIZATION_LEVEL = 0;
				GCC_PREPROCESSOR_DEFINITIONS = (
					"DEBUG=1",
					"$(inherited)",
				);
				GCC_WARN_64_TO_32_BIT_CONVERSION = YES;
				GCC_WARN_ABOUT_RETURN_TYPE = YES_ERROR;
				GCC_WARN_UNDECLARED_SELECTOR = YES;
				GCC_WARN_UNINITIALIZED_AUTOS = YES_AGGRESSIVE;
				GCC_WARN_UNUSED_FUNCTION = YES;
				GCC_WARN_UNUSED_VARIABLE = YES;
				IPHONEOS_DEPLOYMENT_TARGET = 15.5;
				MTL_ENABLE_DEBUG_INFO = INCLUDE_SOURCE;
				MTL_FAST_MATH = YES;
				ONLY_ACTIVE_ARCH = YES;
				SDKROOT = iphoneos;
				SWIFT_ACTIVE_COMPILATION_CONDITIONS = DEBUG;
				SWIFT_OPTIMIZATION_LEVEL = "-Onone";
			};
			name = Debug;
		};
		1EF6868C28940E2D00F6348C /* Release */ = {
			isa = XCBuildConfiguration;
			buildSettings = {
				ALWAYS_SEARCH_USER_PATHS = NO;
				CLANG_ANALYZER_NONNULL = YES;
				CLANG_ANALYZER_NUMBER_OBJECT_CONVERSION = YES_AGGRESSIVE;
				CLANG_CXX_LANGUAGE_STANDARD = "gnu++17";
				CLANG_ENABLE_MODULES = YES;
				CLANG_ENABLE_OBJC_ARC = YES;
				CLANG_ENABLE_OBJC_WEAK = YES;
				CLANG_WARN_BLOCK_CAPTURE_AUTORELEASING = YES;
				CLANG_WARN_BOOL_CONVERSION = YES;
				CLANG_WARN_COMMA = YES;
				CLANG_WARN_CONSTANT_CONVERSION = YES;
				CLANG_WARN_DEPRECATED_OBJC_IMPLEMENTATIONS = YES;
				CLANG_WARN_DIRECT_OBJC_ISA_USAGE = YES_ERROR;
				CLANG_WARN_DOCUMENTATION_COMMENTS = YES;
				CLANG_WARN_EMPTY_BODY = YES;
				CLANG_WARN_ENUM_CONVERSION = YES;
				CLANG_WARN_INFINITE_RECURSION = YES;
				CLANG_WARN_INT_CONVERSION = YES;
				CLANG_WARN_NON_LITERAL_NULL_CONVERSION = YES;
				CLANG_WARN_OBJC_IMPLICIT_RETAIN_SELF = YES;
				CLANG_WARN_OBJC_LITERAL_CONVERSION = YES;
				CLANG_WARN_OBJC_ROOT_CLASS = YES_ERROR;
				CLANG_WARN_QUOTED_INCLUDE_IN_FRAMEWORK_HEADER = YES;
				CLANG_WARN_RANGE_LOOP_ANALYSIS = YES;
				CLANG_WARN_STRICT_PROTOTYPES = YES;
				CLANG_WARN_SUSPICIOUS_MOVE = YES;
				CLANG_WARN_UNGUARDED_AVAILABILITY = YES_AGGRESSIVE;
				CLANG_WARN_UNREACHABLE_CODE = YES;
				CLANG_WARN__DUPLICATE_METHOD_MATCH = YES;
				COPY_PHASE_STRIP = NO;
				DEBUG_INFORMATION_FORMAT = "dwarf-with-dsym";
				ENABLE_NS_ASSERTIONS = NO;
				ENABLE_STRICT_OBJC_MSGSEND = YES;
				GCC_C_LANGUAGE_STANDARD = gnu11;
				GCC_NO_COMMON_BLOCKS = YES;
				GCC_WARN_64_TO_32_BIT_CONVERSION = YES;
				GCC_WARN_ABOUT_RETURN_TYPE = YES_ERROR;
				GCC_WARN_UNDECLARED_SELECTOR = YES;
				GCC_WARN_UNINITIALIZED_AUTOS = YES_AGGRESSIVE;
				GCC_WARN_UNUSED_FUNCTION = YES;
				GCC_WARN_UNUSED_VARIABLE = YES;
				IPHONEOS_DEPLOYMENT_TARGET = 15.5;
				MTL_ENABLE_DEBUG_INFO = NO;
				MTL_FAST_MATH = YES;
				SDKROOT = iphoneos;
				SWIFT_COMPILATION_MODE = wholemodule;
				SWIFT_OPTIMIZATION_LEVEL = "-O";
				VALIDATE_PRODUCT = YES;
			};
			name = Release;
		};
		1EF6868E28940E2D00F6348C /* Debug */ = {
			isa = XCBuildConfiguration;
			buildSettings = {
				ASSETCATALOG_COMPILER_APPICON_NAME = AppIcon;
				ASSETCATALOG_COMPILER_GLOBAL_ACCENT_COLOR_NAME = AccentColor;
				CODE_SIGN_IDENTITY = "Apple Development";
				CODE_SIGN_STYLE = Automatic;
				CURRENT_PROJECT_VERSION = 1;
				DEVELOPMENT_ASSET_PATHS = "\"Fampay-Assignment/Preview Content\"";
				DEVELOPMENT_TEAM = GJM8829Q7N;
				ENABLE_PREVIEWS = YES;
				GENERATE_INFOPLIST_FILE = YES;
				INFOPLIST_FILE = "Fampay-Assignment/Info.plist";
				INFOPLIST_KEY_UIApplicationSceneManifest_Generation = YES;
				INFOPLIST_KEY_UIApplicationSupportsIndirectInputEvents = YES;
				INFOPLIST_KEY_UILaunchScreen_Generation = YES;
				INFOPLIST_KEY_UISupportedInterfaceOrientations_iPad = "UIInterfaceOrientationPortrait UIInterfaceOrientationPortraitUpsideDown UIInterfaceOrientationLandscapeLeft UIInterfaceOrientationLandscapeRight";
				INFOPLIST_KEY_UISupportedInterfaceOrientations_iPhone = "UIInterfaceOrientationPortrait UIInterfaceOrientationLandscapeLeft UIInterfaceOrientationLandscapeRight";
				LD_RUNPATH_SEARCH_PATHS = (
					"$(inherited)",
					"@executable_path/Frameworks",
				);
				MARKETING_VERSION = 1.0;
				PRODUCT_BUNDLE_IDENTIFIER = "com.gokulnair.Fampay-Assignment";
				PRODUCT_NAME = "$(TARGET_NAME)";
				PROVISIONING_PROFILE_SPECIFIER = "";
				SWIFT_EMIT_LOC_STRINGS = YES;
				SWIFT_VERSION = 5.0;
				TARGETED_DEVICE_FAMILY = 1;
			};
			name = Debug;
		};
		1EF6868F28940E2D00F6348C /* Release */ = {
			isa = XCBuildConfiguration;
			buildSettings = {
				ASSETCATALOG_COMPILER_APPICON_NAME = AppIcon;
				ASSETCATALOG_COMPILER_GLOBAL_ACCENT_COLOR_NAME = AccentColor;
				CODE_SIGN_IDENTITY = "Apple Development";
				CODE_SIGN_STYLE = Automatic;
				CURRENT_PROJECT_VERSION = 1;
				DEVELOPMENT_ASSET_PATHS = "\"Fampay-Assignment/Preview Content\"";
				DEVELOPMENT_TEAM = GJM8829Q7N;
				ENABLE_PREVIEWS = YES;
				GENERATE_INFOPLIST_FILE = YES;
				INFOPLIST_FILE = "Fampay-Assignment/Info.plist";
				INFOPLIST_KEY_UIApplicationSceneManifest_Generation = YES;
				INFOPLIST_KEY_UIApplicationSupportsIndirectInputEvents = YES;
				INFOPLIST_KEY_UILaunchScreen_Generation = YES;
				INFOPLIST_KEY_UISupportedInterfaceOrientations_iPad = "UIInterfaceOrientationPortrait UIInterfaceOrientationPortraitUpsideDown UIInterfaceOrientationLandscapeLeft UIInterfaceOrientationLandscapeRight";
				INFOPLIST_KEY_UISupportedInterfaceOrientations_iPhone = "UIInterfaceOrientationPortrait UIInterfaceOrientationLandscapeLeft UIInterfaceOrientationLandscapeRight";
				LD_RUNPATH_SEARCH_PATHS = (
					"$(inherited)",
					"@executable_path/Frameworks",
				);
				MARKETING_VERSION = 1.0;
				PRODUCT_BUNDLE_IDENTIFIER = "com.gokulnair.Fampay-Assignment";
				PRODUCT_NAME = "$(TARGET_NAME)";
				PROVISIONING_PROFILE_SPECIFIER = "";
				SWIFT_EMIT_LOC_STRINGS = YES;
				SWIFT_VERSION = 5.0;
				TARGETED_DEVICE_FAMILY = 1;
			};
			name = Release;
		};
/* End XCBuildConfiguration section */

/* Begin XCConfigurationList section */
		1EF6867A28940E2C00F6348C /* Build configuration list for PBXProject "Fampay-Assignment" */ = {
			isa = XCConfigurationList;
			buildConfigurations = (
				1EF6868B28940E2D00F6348C /* Debug */,
				1EF6868C28940E2D00F6348C /* Release */,
			);
			defaultConfigurationIsVisible = 0;
			defaultConfigurationName = Release;
		};
		1EF6868D28940E2D00F6348C /* Build configuration list for PBXNativeTarget "Fampay-Assignment" */ = {
			isa = XCConfigurationList;
			buildConfigurations = (
				1EF6868E28940E2D00F6348C /* Debug */,
				1EF6868F28940E2D00F6348C /* Release */,
			);
			defaultConfigurationIsVisible = 0;
			defaultConfigurationName = Release;
		};
/* End XCConfigurationList section */
	};
	rootObject = 1EF6867728940E2C00F6348C /* Project object */;
}
